// !$*UTF8*$!
{
	archiveVersion = 1;
	classes = {
	};
	objectVersion = 46;
	objects = {

/* Begin PBXBuildFile section */
		BC2198471C63526000135597 /* AppDelegate.swift in Sources */ = {isa = PBXBuildFile; fileRef = BC2198461C63526000135597 /* AppDelegate.swift */; };
		BC2198491C63526000135597 /* ViewController.swift in Sources */ = {isa = PBXBuildFile; fileRef = BC2198481C63526000135597 /* ViewController.swift */; };
		BC21984C1C63526000135597 /* Main.storyboard in Resources */ = {isa = PBXBuildFile; fileRef = BC21984A1C63526000135597 /* Main.storyboard */; };
		BC21984E1C63526000135597 /* Assets.xcassets in Resources */ = {isa = PBXBuildFile; fileRef = BC21984D1C63526000135597 /* Assets.xcassets */; };
		BC2198511C63526000135597 /* LaunchScreen.storyboard in Resources */ = {isa = PBXBuildFile; fileRef = BC21984F1C63526000135597 /* LaunchScreen.storyboard */; };
/* End PBXBuildFile section */

/* Begin PBXFileReference section */
		BC2198431C63526000135597 /* ScrollViewCustomPaging.app */ = {isa = PBXFileReference; explicitFileType = wrapper.application; includeInIndex = 0; path = ScrollViewCustomPaging.app; sourceTree = BUILT_PRODUCTS_DIR; };
		BC2198461C63526000135597 /* AppDelegate.swift */ = {isa = PBXFileReference; lastKnownFileType = sourcecode.swift; path = AppDelegate.swift; sourceTree = "<group>"; };
		BC2198481C63526000135597 /* ViewController.swift */ = {isa = PBXFileReference; lastKnownFileType = sourcecode.swift; path = ViewController.swift; sourceTree = "<group>"; };
		BC21984B1C63526000135597 /* Base */ = {isa = PBXFileReference; lastKnownFileType = file.storyboard; name = Base; path = Base.lproj/Main.storyboard; sourceTree = "<group>"; };
		BC21984D1C63526000135597 /* Assets.xcassets */ = {isa = PBXFileReference; lastKnownFileType = folder.assetcatalog; path = Assets.xcassets; sourceTree = "<group>"; };
		BC2198501C63526000135597 /* Base */ = {isa = PBXFileReference; lastKnownFileType = file.storyboard; name = Base; path = Base.lproj/LaunchScreen.storyboard; sourceTree = "<group>"; };
		BC2198521C63526000135597 /* Info.plist */ = {isa = PBXFileReference; lastKnownFileType = text.plist.xml; path = Info.plist; sourceTree = "<group>"; };
/* End PBXFileReference section */

/* Begin PBXFrameworksBuildPhase section */
		BC2198401C63526000135597 /* Frameworks */ = {
			isa = PBXFrameworksBuildPhase;
			buildActionMask = 2147483647;
			files = (
			);
			runOnlyForDeploymentPostprocessing = 0;
		};
/* End PBXFrameworksBuildPhase section */

/* Begin PBXGroup section */
		BC21983A1C63526000135597 = {
			isa = PBXGroup;
			children = (
				BC2198451C63526000135597 /* ScrollViewCustomPaging */,
				BC2198441C63526000135597 /* Products */,
			);
			sourceTree = "<group>";
		};
		BC2198441C63526000135597 /* Products */ = {
			isa = PBXGroup;
			children = (
				BC2198431C63526000135597 /* ScrollViewCustomPaging.app */,
			);
			name = Products;
			sourceTree = "<group>";
		};
		BC2198451C63526000135597 /* ScrollViewCustomPaging */ = {
			isa = PBXGroup;
			children = (
				BC2198461C63526000135597 /* AppDelegate.swift */,
				BC2198481C63526000135597 /* ViewController.swift */,
				BC21984A1C63526000135597 /* Main.storyboard */,
				BC21984D1C63526000135597 /* Assets.xcassets */,
				BC21984F1C63526000135597 /* LaunchScreen.storyboard */,
				BC2198521C63526000135597 /* Info.plist */,
			);
			path = ScrollViewCustomPaging;
			sourceTree = "<group>";
		};
/* End PBXGroup section */

/* Begin PBXNativeTarget section */
		BC2198421C63526000135597 /* ScrollViewCustomPaging */ = {
			isa = PBXNativeTarget;
			buildConfigurationList = BC2198551C63526000135597 /* Build configuration list for PBXNativeTarget "ScrollViewCustomPaging" */;
			buildPhases = (
				BC21983F1C63526000135597 /* Sources */,
				BC2198401C63526000135597 /* Frameworks */,
				BC2198411C63526000135597 /* Resources */,
			);
			buildRules = (
			);
			dependencies = (
			);
			name = ScrollViewCustomPaging;
			productName = ScrollViewCustomPaging;
			productReference = BC2198431C63526000135597 /* ScrollViewCustomPaging.app */;
			productType = "com.apple.product-type.application";
		};
/* End PBXNativeTarget section */

/* Begin PBXProject section */
		BC21983B1C63526000135597 /* Project object */ = {
			isa = PBXProject;
			attributes = {
				LastSwiftUpdateCheck = 0720;
				LastUpgradeCheck = 0720;
				ORGANIZATIONNAME = war;
				TargetAttributes = {
					BC2198421C63526000135597 = {
						CreatedOnToolsVersion = 7.2;
					};
				};
			};
			buildConfigurationList = BC21983E1C63526000135597 /* Build configuration list for PBXProject "ScrollViewCustomPaging" */;
			compatibilityVersion = "Xcode 3.2";
			developmentRegion = English;
			hasScannedForEncodings = 0;
			knownRegions = (
				en,
				Base,
			);
			mainGroup = BC21983A1C63526000135597;
			productRefGroup = BC2198441C63526000135597 /* Products */;
			projectDirPath = "";
			projectRoot = "";
			targets = (
				BC2198421C63526000135597 /* ScrollViewCustomPaging */,
			);
		};
/* End PBXProject section */

/* Begin PBXResourcesBuildPhase section */
		BC2198411C63526000135597 /* Resources */ = {
			isa = PBXResourcesBuildPhase;
			buildActionMask = 2147483647;
			files = (
				BC2198511C63526000135597 /* LaunchScreen.storyboard in Resources */,
				BC21984E1C63526000135597 /* Assets.xcassets in Resources */,
				BC21984C1C63526000135597 /* Main.storyboard in Resources */,
			);
			runOnlyForDeploymentPostprocessing = 0;
		};
/* End PBXResourcesBuildPhase section */

/* Begin PBXSourcesBuildPhase section */
		BC21983F1C63526000135597 /* Sources */ = {
			isa = PBXSourcesBuildPhase;
			buildActionMask = 2147483647;
			files = (
				BC2198491C63526000135597 /* ViewController.swift in Sources */,
				BC2198471C63526000135597 /* AppDelegate.swift in Sources */,
			);
			runOnlyForDeploymentPostprocessing = 0;
		};
/* End PBXSourcesBuildPhase section */

/* Begin PBXVariantGroup section */
		BC21984A1C63526000135597 /* Main.storyboard */ = {
			isa = PBXVariantGroup;
			children = (
				BC21984B1C63526000135597 /* Base */,
			);
			name = Main.storyboard;
			sourceTree = "<group>";
		};
		BC21984F1C63526000135597 /* LaunchScreen.storyboard */ = {
			isa = PBXVariantGroup;
			children = (
				BC2198501C63526000135597 /* Base */,
			);
			name = LaunchScreen.storyboard;
			sourceTree = "<group>";
		};
/* End PBXVariantGroup section */

/* Begin XCBuildConfiguration section */
		BC2198531C63526000135597 /* Debug */ = {
			isa = XCBuildConfiguration;
			buildSettings = {
				ALWAYS_SEARCH_USER_PATHS = NO;
				CLANG_CXX_LANGUAGE_STANDARD = "gnu++0x";
				CLANG_CXX_LIBRARY = "libc++";
				CLANG_ENABLE_MODULES = YES;
				CLANG_ENABLE_OBJC_ARC = YES;
				CLANG_WARN_BOOL_CONVERSION = YES;
				CLANG_WARN_CONSTANT_CONVERSION = YES;
				CLANG_WARN_DIRECT_OBJC_ISA_USAGE = YES_ERROR;
				CLANG_WARN_EMPTY_BODY = YES;
				CLANG_WARN_ENUM_CONVERSION = YES;
				CLANG_WARN_INT_CONVERSION = YES;
				CLANG_WARN_OBJC_ROOT_CLASS = YES_ERROR;
				CLANG_WARN_UNREACHABLE_CODE = YES;
				CLANG_WARN__DUPLICATE_METHOD_MATCH = YES;
				"CODE_SIGN_IDENTITY[sdk=iphoneos*]" = "iPhone Developer";
				COPY_PHASE_STRIP = NO;
				DEBUG_INFORMATION_FORMAT = dwarf;
				ENABLE_STRICT_OBJC_MSGSEND = YES;
				ENABLE_TESTABILITY = YES;
				GCC_C_LANGUAGE_STANDARD = gnu99;
				GCC_DYNAMIC_NO_PIC = NO;
				GCC_NO_COMMON_BLOCKS = YES;
				GCC_OPTIMIZATION_LEVEL = 0;
				GCC_PREPROCESSOR_DEFINITIONS = (
					"DEBUG=1",
					"$(inherited)",
				);
				GCC_WARN_64_TO_32_BIT_CONVERSION = YES;
				GCC_WARN_ABOUT_RETURN_TYPE = YES_ERROR;
				GCC_WARN_UNDECLARED_SELECTOR = YES;
				GCC_WARN_UNINITIALIZED_AUTOS = YES_AGGRESSIVE;
				GCC_WARN_UNUSED_FUNCTION = YES;
				GCC_WARN_UNUSED_VARIABLE = YES;
				IPHONEOS_DEPLOYMENT_TARGET = 9.2;
				MTL_ENABLE_DEBUG_INFO = YES;
				ONLY_ACTIVE_ARCH = YES;
				SDKROOT = iphoneos;
				SWIFT_OPTIMIZATION_LEVEL = "-Onone";
				TARGETED_DEVICE_FAMILY = "1,2";
			};
			name = Debug;
		};
		BC2198541C63526000135597 /* Release */ = {
			isa = XCBuildConfiguration;
			buildSettings = {
				ALWAYS_SEARCH_USER_PATHS = NO;
				CLANG_CXX_LANGUAGE_STANDARD = "gnu++0x";
				CLANG_CXX_LIBRARY = "libc++";
				CLANG_ENABLE_MODULES = YES;
				CLANG_ENABLE_OBJC_ARC = YES;
				CLANG_WARN_BOOL_CONVERSION = YES;
				CLANG_WARN_CONSTANT_CONVERSION = YES;
				CLANG_WARN_DIRECT_OBJC_ISA_USAGE = YES_ERROR;
				CLANG_WARN_EMPTY_BODY = YES;
				CLANG_WARN_ENUM_CONVERSION = YES;
				CLANG_WARN_INT_CONVERSION = YES;
				CLANG_WARN_OBJC_ROOT_CLASS = YES_ERROR;
				CLANG_WARN_UNREACHABLE_CODE = YES;
				CLANG_WARN__DUPLICATE_METHOD_MATCH = YES;
				"CODE_SIGN_IDENTITY[sdk=iphoneos*]" = "iPhone Developer";
				COPY_PHASE_STRIP = NO;
				DEBUG_INFORMATION_FORMAT = "dwarf-with-dsym";
				ENABLE_NS_ASSERTIONS = NO;
				ENABLE_STRICT_OBJC_MSGSEND = YES;
				GCC_C_LANGUAGE_STANDARD = gnu99;
				GCC_NO_COMMON_BLOCKS = YES;
				GCC_WARN_64_TO_32_BIT_CONVERSION = YES;
				GCC_WARN_ABOUT_RETURN_TYPE = YES_ERROR;
				GCC_WARN_UNDECLARED_SELECTOR = YES;
				GCC_WARN_UNINITIALIZED_AUTOS = YES_AGGRESSIVE;
				GCC_WARN_UNUSED_FUNCTION = YES;
				GCC_WARN_UNUSED_VARIABLE = YES;
				IPHONEOS_DEPLOYMENT_TARGET = 9.2;
				MTL_ENABLE_DEBUG_INFO = NO;
				SDKROOT = iphoneos;
				TARGETED_DEVICE_FAMILY = "1,2";
				VALIDATE_PRODUCT = YES;
			};
			name = Release;
		};
		BC2198561C63526000135597 /* Debug */ = {
			isa = XCBuildConfiguration;
			buildSettings = {
				ASSETCATALOG_COMPILER_APPICON_NAME = AppIcon;
				INFOPLIST_FILE = ScrollViewCustomPaging/Info.plist;
				LD_RUNPATH_SEARCH_PATHS = "$(inherited) @executable_path/Frameworks";
				PRODUCT_BUNDLE_IDENTIFIER = com.war.ScrollViewCustomPaging;
				PRODUCT_NAME = "$(TARGET_NAME)";
			};
			name = Debug;
		};
		BC2198571C63526000135597 /* Release */ = {
			isa = XCBuildConfiguration;
			buildSettings = {
				ASSETCATALOG_COMPILER_APPICON_NAME = AppIcon;
				INFOPLIST_FILE = ScrollViewCustomPaging/Info.plist;
				LD_RUNPATH_SEARCH_PATHS = "$(inherited) @executable_path/Frameworks";
				PRODUCT_BUNDLE_IDENTIFIER = com.war.ScrollViewCustomPaging;
				PRODUCT_NAME = "$(TARGET_NAME)";
			};
			name = Release;
		};
/* End XCBuildConfiguration section */

/* Begin XCConfigurationList section */
		BC21983E1C63526000135597 /* Build configuration list for PBXProject "ScrollViewCustomPaging" */ = {
			isa = XCConfigurationList;
			buildConfigurations = (
				BC2198531C63526000135597 /* Debug */,
				BC2198541C63526000135597 /* Release */,
			);
			defaultConfigurationIsVisible = 0;
			defaultConfigurationName = Release;
		};
		BC2198551C63526000135597 /* Build configuration list for PBXNativeTarget "ScrollViewCustomPaging" */ = {
			isa = XCConfigurationList;
			buildConfigurations = (
				BC2198561C63526000135597 /* Debug */,
				BC2198571C63526000135597 /* Release */,
			);
			defaultConfigurationIsVisible = 0;
		};
/* End XCConfigurationList section */
	};
	rootObject = BC21983B1C63526000135597 /* Project object */;
}
